
Microsoft Visual Studio Solution File, Format Version 12.00
# Visual Studio 2012
Project("{FAE04EC0-301F-11D3-BF4B-00C04F79EFBC}") = "ProcessMining", "ProcessMining\ProcessMining.csproj", "{03964D55-B8CF-4BB9-89E5-A04ED68B8A34}"
EndProject
Global
	GlobalSection(SolutionConfigurationPlatforms) = preSolution
		Debug|Any CPU = Debug|Any CPU
		Release|Any CPU = Release|Any CPU
	EndGlobalSection
	GlobalSection(ProjectConfigurationPlatforms) = postSolution
		{03964D55-B8CF-4BB9-89E5-A04ED68B8A34}.Debug|Any CPU.ActiveCfg = Debug|Any CPU
		{03964D55-B8CF-4BB9-89E5-A04ED68B8A34}.Debug|Any CPU.Build.0 = Debug|Any CPU
		{03964D55-B8CF-4BB9-89E5-A04ED68B8A34}.Release|Any CPU.ActiveCfg = Release|Any CPU
		{03964D55-B8CF-4BB9-89E5-A04ED68B8A34}.Release|Any CPU.Build.0 = Release|Any CPU
	EndGlobalSection
	GlobalSection(SolutionProperties) = preSolution
		HideSolutionNode = FALSE
	EndGlobalSection
EndGlobal
